# This file is automatically @generated by Cargo.
# It is not intended for manual editing.
version = 3

[[package]]
name = "ahash"
version = "0.3.8"
source = "registry+https://github.com/rust-lang/crates.io-index"
checksum = "e8fd72866655d1904d6b0997d0b07ba561047d070fbe29de039031c641b61217"
dependencies = [
 "const-random",
]

[[package]]
name = "anyhow"
version = "1.0.44"
source = "registry+https://github.com/rust-lang/crates.io-index"
checksum = "61604a8f862e1d5c3229fdd78f8b02c68dcf73a4c4b05fd636d12240aaa242c1"

[[package]]
name = "ariadne"
version = "0.1.3"
source = "registry+https://github.com/rust-lang/crates.io-index"
checksum = "7080ae01b2f0c312065d4914cd0f0de045eb8832e9415b355106a6cff3073cb4"
dependencies = [
 "yansi",
]

[[package]]
name = "cfg-if"
version = "1.0.0"
source = "registry+https://github.com/rust-lang/crates.io-index"
checksum = "baf1de4339761588bc0619e3cbc0120ee582ebb74b53b4efbf79117bd2da40fd"

[[package]]
name = "chumsky"
version = "0.5.0"
source = "registry+https://github.com/rust-lang/crates.io-index"
checksum = "c2d3efff85e8572b1c3fa0127706af58c4fff8458f8d9436d54b1e97573c7a3f"
dependencies = [
 "ahash",
]

[[package]]
name = "const-random"
version = "0.1.13"
source = "registry+https://github.com/rust-lang/crates.io-index"
checksum = "f590d95d011aa80b063ffe3253422ed5aa462af4e9867d43ce8337562bac77c4"
dependencies = [
 "const-random-macro",
 "proc-macro-hack",
]

[[package]]
name = "const-random-macro"
version = "0.1.13"
source = "registry+https://github.com/rust-lang/crates.io-index"
checksum = "615f6e27d000a2bffbc7f2f6a8669179378fa27ee4d0a509e985dfc0a7defb40"
dependencies = [
 "getrandom",
 "lazy_static",
 "proc-macro-hack",
 "tiny-keccak",
]

[[package]]
name = "crunchy"
version = "0.2.2"
source = "registry+https://github.com/rust-lang/crates.io-index"
checksum = "7a81dae078cea95a014a339291cec439d2f232ebe854a9d672b796c6afafa9b7"

[[package]]
name = "getrandom"
version = "0.2.3"
source = "registry+https://github.com/rust-lang/crates.io-index"
checksum = "7fcd999463524c52659517fe2cea98493cfe485d10565e7b0fb07dbba7ad2753"
dependencies = [
 "cfg-if",
 "libc",
 "wasi",
]

[[package]]
name = "hwas"
version = "0.1.0"
dependencies = [
 "anyhow",
 "ariadne",
 "chumsky",
 "nom",
 "wasm-encoder",
 "wasmparser",
]

[[package]]
name = "lazy_static"
version = "1.4.0"
source = "registry+https://github.com/rust-lang/crates.io-index"
checksum = "e2abad23fbc42b3700f2f279844dc832adb2b2eb069b2df918f455c4e18cc646"

[[package]]
name = "leb128"
version = "0.2.5"
source = "registry+https://github.com/rust-lang/crates.io-index"
checksum = "884e2677b40cc8c339eaefcb701c32ef1fd2493d71118dc0ca4b6a736c93bd67"

[[package]]
name = "libc"
version = "0.2.105"
source = "registry+https://github.com/rust-lang/crates.io-index"
checksum = "869d572136620d55835903746bcb5cdc54cb2851fd0aeec53220b4bb65ef3013"

[[package]]
name = "memchr"
version = "2.4.1"
source = "registry+https://github.com/rust-lang/crates.io-index"
checksum = "308cc39be01b73d0d18f82a0e7b2a3df85245f84af96fdddc5d202d27e47b86a"

[[package]]
name = "minimal-lexical"
version = "0.1.4"
source = "registry+https://github.com/rust-lang/crates.io-index"
checksum = "9c64630dcdd71f1a64c435f54885086a0de5d6a12d104d69b165fb7d5286d677"

[[package]]
name = "nom"
version = "7.0.0"
source = "registry+https://github.com/rust-lang/crates.io-index"
checksum = "7ffd9d26838a953b4af82cbeb9f1592c6798916983959be223a7124e992742c1"
dependencies = [
 "memchr",
 "minimal-lexical",
 "version_check",
]

[[package]]
name = "proc-macro-hack"
version = "0.5.19"
source = "registry+https://github.com/rust-lang/crates.io-index"
checksum = "dbf0c48bc1d91375ae5c3cd81e3722dff1abcf81a30960240640d223f59fe0e5"

[[package]]
name = "tiny-keccak"
version = "2.0.2"
source = "registry+https://github.com/rust-lang/crates.io-index"
checksum = "2c9d3793400a45f954c52e73d068316d76b6f4e36977e3fcebb13a2721e80237"
dependencies = [
 "crunchy",
]

[[package]]
name = "version_check"
version = "0.9.3"
source = "registry+https://github.com/rust-lang/crates.io-index"
checksum = "5fecdca9a5291cc2b8dcf7dc02453fee791a280f3743cb0905f8822ae463b3fe"

[[package]]
name = "wasi"
version = "0.10.2+wasi-snapshot-preview1"
source = "registry+https://github.com/rust-lang/crates.io-index"
checksum = "fd6fbd9a79829dd1ad0cc20627bf1ed606756a7f77edff7b66b7064f9cb327c6"

[[package]]
name = "wasm-encoder"
version = "0.8.0"
source = "registry+https://github.com/rust-lang/crates.io-index"
checksum = "db0c351632e46cc06a58a696a6c11e4cf90cad4b9f8f07a0b59128d616c29bb0"
dependencies = [
 "leb128",
]

[[package]]
name = "wasmparser"
version = "0.81.0"
source = "registry+https://github.com/rust-lang/crates.io-index"
checksum = "98930446519f63d00a836efdc22f67766ceae8dbcc1571379f2bcabc6b2b9abc"

[[package]]
name = "yansi"
version = "0.5.0"
source = "registry+https://github.com/rust-lang/crates.io-index"
checksum = "9fc79f4a1e39857fc00c3f662cbf2651c771f00e9c15fe2abc341806bd46bd71"
